// !$*UTF8*$!
{
	archiveVersion = 1;
	classes = {
	};
	objectVersion = 50;
	objects = {

/* Begin PBXBuildFile section */
		595E2CA521B9398A00914E88 /* AppDelegate.swift in Sources */ = {isa = PBXBuildFile; fileRef = 595E2CA421B9398A00914E88 /* AppDelegate.swift */; };
		595E2CAC21B9398C00914E88 /* Assets.xcassets in Resources */ = {isa = PBXBuildFile; fileRef = 595E2CAB21B9398C00914E88 /* Assets.xcassets */; };
		595E2CAF21B9398C00914E88 /* LaunchScreen.storyboard in Resources */ = {isa = PBXBuildFile; fileRef = 595E2CAD21B9398C00914E88 /* LaunchScreen.storyboard */; };
		595E2CBA21B9398C00914E88 /* testRXTests.swift in Sources */ = {isa = PBXBuildFile; fileRef = 595E2CB921B9398C00914E88 /* testRXTests.swift */; };
		595E2CC521B9398C00914E88 /* testRXUITests.swift in Sources */ = {isa = PBXBuildFile; fileRef = 595E2CC421B9398C00914E88 /* testRXUITests.swift */; };
		595E2CD321B94C2100914E88 /* TestView.xib in Resources */ = {isa = PBXBuildFile; fileRef = 595E2CD221B94C2100914E88 /* TestView.xib */; };
		5990E4E021BAAB38003FDFEA /* TestView.swift in Sources */ = {isa = PBXBuildFile; fileRef = 5990E4DF21BAAB38003FDFEA /* TestView.swift */; };
		5990E4E221BEA308003FDFEA /* MyVC.swift in Sources */ = {isa = PBXBuildFile; fileRef = 5990E4E121BEA308003FDFEA /* MyVC.swift */; };
		5990E4E421BEA395003FDFEA /* MySB.storyboard in Resources */ = {isa = PBXBuildFile; fileRef = 5990E4E321BEA395003FDFEA /* MySB.storyboard */; };
		DA672155F939B6451F497C95 /* Pods_testRX.framework in Frameworks */ = {isa = PBXBuildFile; fileRef = BD74B5A82C7C6C88C2A22E0F /* Pods_testRX.framework */; };
/* End PBXBuildFile section */

/* Begin PBXContainerItemProxy section */
		595E2CB621B9398C00914E88 /* PBXContainerItemProxy */ = {
			isa = PBXContainerItemProxy;
			containerPortal = 595E2C9921B9398A00914E88 /* Project object */;
			proxyType = 1;
			remoteGlobalIDString = 595E2CA021B9398A00914E88;
			remoteInfo = testRX;
		};
		595E2CC121B9398C00914E88 /* PBXContainerItemProxy */ = {
			isa = PBXContainerItemProxy;
			containerPortal = 595E2C9921B9398A00914E88 /* Project object */;
			proxyType = 1;
			remoteGlobalIDString = 595E2CA021B9398A00914E88;
			remoteInfo = testRX;
		};
/* End PBXContainerItemProxy section */

/* Begin PBXFileReference section */
		595E2CA121B9398A00914E88 /* testRX.app */ = {isa = PBXFileReference; explicitFileType = wrapper.application; includeInIndex = 0; path = testRX.app; sourceTree = BUILT_PRODUCTS_DIR; };
		595E2CA421B9398A00914E88 /* AppDelegate.swift */ = {isa = PBXFileReference; lastKnownFileType = sourcecode.swift; path = AppDelegate.swift; sourceTree = "<group>"; };
		595E2CAB21B9398C00914E88 /* Assets.xcassets */ = {isa = PBXFileReference; lastKnownFileType = folder.assetcatalog; path = Assets.xcassets; sourceTree = "<group>"; };
		595E2CAE21B9398C00914E88 /* Base */ = {isa = PBXFileReference; lastKnownFileType = file.storyboard; name = Base; path = Base.lproj/LaunchScreen.storyboard; sourceTree = "<group>"; };
		595E2CB021B9398C00914E88 /* Info.plist */ = {isa = PBXFileReference; lastKnownFileType = text.plist.xml; path = Info.plist; sourceTree = "<group>"; };
		595E2CB521B9398C00914E88 /* testRXTests.xctest */ = {isa = PBXFileReference; explicitFileType = wrapper.cfbundle; includeInIndex = 0; path = testRXTests.xctest; sourceTree = BUILT_PRODUCTS_DIR; };
		595E2CB921B9398C00914E88 /* testRXTests.swift */ = {isa = PBXFileReference; lastKnownFileType = sourcecode.swift; path = testRXTests.swift; sourceTree = "<group>"; };
		595E2CBB21B9398C00914E88 /* Info.plist */ = {isa = PBXFileReference; lastKnownFileType = text.plist.xml; path = Info.plist; sourceTree = "<group>"; };
		595E2CC021B9398C00914E88 /* testRXUITests.xctest */ = {isa = PBXFileReference; explicitFileType = wrapper.cfbundle; includeInIndex = 0; path = testRXUITests.xctest; sourceTree = BUILT_PRODUCTS_DIR; };
		595E2CC421B9398C00914E88 /* testRXUITests.swift */ = {isa = PBXFileReference; lastKnownFileType = sourcecode.swift; path = testRXUITests.swift; sourceTree = "<group>"; };
		595E2CC621B9398C00914E88 /* Info.plist */ = {isa = PBXFileReference; lastKnownFileType = text.plist.xml; path = Info.plist; sourceTree = "<group>"; };
		595E2CD221B94C2100914E88 /* TestView.xib */ = {isa = PBXFileReference; lastKnownFileType = file.xib; path = TestView.xib; sourceTree = "<group>"; };
		5990E4DF21BAAB38003FDFEA /* TestView.swift */ = {isa = PBXFileReference; lastKnownFileType = sourcecode.swift; path = TestView.swift; sourceTree = "<group>"; };
		5990E4E121BEA308003FDFEA /* MyVC.swift */ = {isa = PBXFileReference; lastKnownFileType = sourcecode.swift; path = MyVC.swift; sourceTree = "<group>"; };
		5990E4E321BEA395003FDFEA /* MySB.storyboard */ = {isa = PBXFileReference; lastKnownFileType = file.storyboard; path = MySB.storyboard; sourceTree = "<group>"; };
		861A2093D221AEFAD2FC84FD /* Pods-testRX.release.xcconfig */ = {isa = PBXFileReference; includeInIndex = 1; lastKnownFileType = text.xcconfig; name = "Pods-testRX.release.xcconfig"; path = "Pods/Target Support Files/Pods-testRX/Pods-testRX.release.xcconfig"; sourceTree = "<group>"; };
		A61AA7F6EC4AE569590633A1 /* Pods-testRX.debug.xcconfig */ = {isa = PBXFileReference; includeInIndex = 1; lastKnownFileType = text.xcconfig; name = "Pods-testRX.debug.xcconfig"; path = "Pods/Target Support Files/Pods-testRX/Pods-testRX.debug.xcconfig"; sourceTree = "<group>"; };
		BD74B5A82C7C6C88C2A22E0F /* Pods_testRX.framework */ = {isa = PBXFileReference; explicitFileType = wrapper.framework; includeInIndex = 0; path = Pods_testRX.framework; sourceTree = BUILT_PRODUCTS_DIR; };
/* End PBXFileReference section */

/* Begin PBXFrameworksBuildPhase section */
		595E2C9E21B9398A00914E88 /* Frameworks */ = {
			isa = PBXFrameworksBuildPhase;
			buildActionMask = 2147483647;
			files = (
				DA672155F939B6451F497C95 /* Pods_testRX.framework in Frameworks */,
			);
			runOnlyForDeploymentPostprocessing = 0;
		};
		595E2CB221B9398C00914E88 /* Frameworks */ = {
			isa = PBXFrameworksBuildPhase;
			buildActionMask = 2147483647;
			files = (
			);
			runOnlyForDeploymentPostprocessing = 0;
		};
		595E2CBD21B9398C00914E88 /* Frameworks */ = {
			isa = PBXFrameworksBuildPhase;
			buildActionMask = 2147483647;
			files = (
			);
			runOnlyForDeploymentPostprocessing = 0;
		};
/* End PBXFrameworksBuildPhase section */

/* Begin PBXGroup section */
		1F318E766711C3E5567A179D /* Pods */ = {
			isa = PBXGroup;
			children = (
				A61AA7F6EC4AE569590633A1 /* Pods-testRX.debug.xcconfig */,
				861A2093D221AEFAD2FC84FD /* Pods-testRX.release.xcconfig */,
			);
			name = Pods;
			sourceTree = "<group>";
		};
		595E2C9821B9398A00914E88 = {
			isa = PBXGroup;
			children = (
				595E2CA321B9398A00914E88 /* testRX */,
				595E2CB821B9398C00914E88 /* testRXTests */,
				595E2CC321B9398C00914E88 /* testRXUITests */,
				595E2CA221B9398A00914E88 /* Products */,
				1F318E766711C3E5567A179D /* Pods */,
				8BE7BED0DF2333709E95792D /* Frameworks */,
			);
			sourceTree = "<group>";
		};
		595E2CA221B9398A00914E88 /* Products */ = {
			isa = PBXGroup;
			children = (
				595E2CA121B9398A00914E88 /* testRX.app */,
				595E2CB521B9398C00914E88 /* testRXTests.xctest */,
				595E2CC021B9398C00914E88 /* testRXUITests.xctest */,
			);
			name = Products;
			sourceTree = "<group>";
		};
		595E2CA321B9398A00914E88 /* testRX */ = {
			isa = PBXGroup;
			children = (
				595E2CA421B9398A00914E88 /* AppDelegate.swift */,
				5990E4E121BEA308003FDFEA /* MyVC.swift */,
				5990E4E321BEA395003FDFEA /* MySB.storyboard */,
				5990E4DF21BAAB38003FDFEA /* TestView.swift */,
				595E2CD221B94C2100914E88 /* TestView.xib */,
				595E2CAB21B9398C00914E88 /* Assets.xcassets */,
				595E2CAD21B9398C00914E88 /* LaunchScreen.storyboard */,
				595E2CB021B9398C00914E88 /* Info.plist */,
			);
			path = testRX;
			sourceTree = "<group>";
		};
		595E2CB821B9398C00914E88 /* testRXTests */ = {
			isa = PBXGroup;
			children = (
				595E2CB921B9398C00914E88 /* testRXTests.swift */,
				595E2CBB21B9398C00914E88 /* Info.plist */,
			);
			path = testRXTests;
			sourceTree = "<group>";
		};
		595E2CC321B9398C00914E88 /* testRXUITests */ = {
			isa = PBXGroup;
			children = (
				595E2CC421B9398C00914E88 /* testRXUITests.swift */,
				595E2CC621B9398C00914E88 /* Info.plist */,
			);
			path = testRXUITests;
			sourceTree = "<group>";
		};
		8BE7BED0DF2333709E95792D /* Frameworks */ = {
			isa = PBXGroup;
			children = (
				BD74B5A82C7C6C88C2A22E0F /* Pods_testRX.framework */,
			);
			name = Frameworks;
			sourceTree = "<group>";
		};
/* End PBXGroup section */

/* Begin PBXNativeTarget section */
		595E2CA021B9398A00914E88 /* testRX */ = {
			isa = PBXNativeTarget;
			buildConfigurationList = 595E2CC921B9398C00914E88 /* Build configuration list for PBXNativeTarget "testRX" */;
			buildPhases = (
				709453FDC57EB1C949B3163B /* [CP] Check Pods Manifest.lock */,
				595E2C9D21B9398A00914E88 /* Sources */,
				595E2C9E21B9398A00914E88 /* Frameworks */,
				595E2C9F21B9398A00914E88 /* Resources */,
				4503176C7D20560B367A1CC8 /* [CP] Embed Pods Frameworks */,
			);
			buildRules = (
			);
			dependencies = (
			);
			name = testRX;
			productName = testRX;
			productReference = 595E2CA121B9398A00914E88 /* testRX.app */;
			productType = "com.apple.product-type.application";
		};
		595E2CB421B9398C00914E88 /* testRXTests */ = {
			isa = PBXNativeTarget;
			buildConfigurationList = 595E2CCC21B9398C00914E88 /* Build configuration list for PBXNativeTarget "testRXTests" */;
			buildPhases = (
				595E2CB121B9398C00914E88 /* Sources */,
				595E2CB221B9398C00914E88 /* Frameworks */,
				595E2CB321B9398C00914E88 /* Resources */,
			);
			buildRules = (
			);
			dependencies = (
				595E2CB721B9398C00914E88 /* PBXTargetDependency */,
			);
			name = testRXTests;
			productName = testRXTests;
			productReference = 595E2CB521B9398C00914E88 /* testRXTests.xctest */;
			productType = "com.apple.product-type.bundle.unit-test";
		};
		595E2CBF21B9398C00914E88 /* testRXUITests */ = {
			isa = PBXNativeTarget;
			buildConfigurationList = 595E2CCF21B9398C00914E88 /* Build configuration list for PBXNativeTarget "testRXUITests" */;
			buildPhases = (
				595E2CBC21B9398C00914E88 /* Sources */,
				595E2CBD21B9398C00914E88 /* Frameworks */,
				595E2CBE21B9398C00914E88 /* Resources */,
			);
			buildRules = (
			);
			dependencies = (
				595E2CC221B9398C00914E88 /* PBXTargetDependency */,
			);
			name = testRXUITests;
			productName = testRXUITests;
			productReference = 595E2CC021B9398C00914E88 /* testRXUITests.xctest */;
			productType = "com.apple.product-type.bundle.ui-testing";
		};
/* End PBXNativeTarget section */

/* Begin PBXProject section */
		595E2C9921B9398A00914E88 /* Project object */ = {
			isa = PBXProject;
			attributes = {
				LastSwiftUpdateCheck = 1010;
				LastUpgradeCheck = 1010;
				ORGANIZATIONNAME = "Artem Neshko";
				TargetAttributes = {
					595E2CA021B9398A00914E88 = {
						CreatedOnToolsVersion = 10.1;
					};
					595E2CB421B9398C00914E88 = {
						CreatedOnToolsVersion = 10.1;
						TestTargetID = 595E2CA021B9398A00914E88;
					};
					595E2CBF21B9398C00914E88 = {
						CreatedOnToolsVersion = 10.1;
						TestTargetID = 595E2CA021B9398A00914E88;
					};
				};
			};
			buildConfigurationList = 595E2C9C21B9398A00914E88 /* Build configuration list for PBXProject "testRX" */;
			compatibilityVersion = "Xcode 9.3";
			developmentRegion = en;
			hasScannedForEncodings = 0;
			knownRegions = (
				en,
				Base,
			);
			mainGroup = 595E2C9821B9398A00914E88;
			productRefGroup = 595E2CA221B9398A00914E88 /* Products */;
			projectDirPath = "";
			projectRoot = "";
			targets = (
				595E2CA021B9398A00914E88 /* testRX */,
				595E2CB421B9398C00914E88 /* testRXTests */,
				595E2CBF21B9398C00914E88 /* testRXUITests */,
			);
		};
/* End PBXProject section */

/* Begin PBXResourcesBuildPhase section */
		595E2C9F21B9398A00914E88 /* Resources */ = {
			isa = PBXResourcesBuildPhase;
			buildActionMask = 2147483647;
			files = (
				595E2CD321B94C2100914E88 /* TestView.xib in Resources */,
				5990E4E421BEA395003FDFEA /* MySB.storyboard in Resources */,
				595E2CAF21B9398C00914E88 /* LaunchScreen.storyboard in Resources */,
				595E2CAC21B9398C00914E88 /* Assets.xcassets in Resources */,
			);
			runOnlyForDeploymentPostprocessing = 0;
		};
		595E2CB321B9398C00914E88 /* Resources */ = {
			isa = PBXResourcesBuildPhase;
			buildActionMask = 2147483647;
			files = (
			);
			runOnlyForDeploymentPostprocessing = 0;
		};
		595E2CBE21B9398C00914E88 /* Resources */ = {
			isa = PBXResourcesBuildPhase;
			buildActionMask = 2147483647;
			files = (
			);
			runOnlyForDeploymentPostprocessing = 0;
		};
/* End PBXResourcesBuildPhase section */

/* Begin PBXShellScriptBuildPhase section */
		4503176C7D20560B367A1CC8 /* [CP] Embed Pods Frameworks */ = {
			isa = PBXShellScriptBuildPhase;
			buildActionMask = 2147483647;
			files = (
			);
			inputFileListPaths = (
			);
			inputPaths = (
				"${SRCROOT}/Pods/Target Support Files/Pods-testRX/Pods-testRX-frameworks.sh",
				"${BUILT_PRODUCTS_DIR}/Differentiator/Differentiator.framework",
				"${BUILT_PRODUCTS_DIR}/Hero/Hero.framework",
				"${BUILT_PRODUCTS_DIR}/Localize-Swift/Localize_Swift.framework",
				"${BUILT_PRODUCTS_DIR}/RxAtomic/RxAtomic.framework",
				"${BUILT_PRODUCTS_DIR}/RxCocoa/RxCocoa.framework",
				"${BUILT_PRODUCTS_DIR}/RxDataSources/RxDataSources.framework",
				"${BUILT_PRODUCTS_DIR}/RxSwift/RxSwift.framework",
				"${BUILT_PRODUCTS_DIR}/SwiftMessages/SwiftMessages.framework",
			);
			name = "[CP] Embed Pods Frameworks";
			outputFileListPaths = (
			);
			outputPaths = (
				"${TARGET_BUILD_DIR}/${FRAMEWORKS_FOLDER_PATH}/Differentiator.framework",
				"${TARGET_BUILD_DIR}/${FRAMEWORKS_FOLDER_PATH}/Hero.framework",
				"${TARGET_BUILD_DIR}/${FRAMEWORKS_FOLDER_PATH}/Localize_Swift.framework",
				"${TARGET_BUILD_DIR}/${FRAMEWORKS_FOLDER_PATH}/RxAtomic.framework",
				"${TARGET_BUILD_DIR}/${FRAMEWORKS_FOLDER_PATH}/RxCocoa.framework",
				"${TARGET_BUILD_DIR}/${FRAMEWORKS_FOLDER_PATH}/RxDataSources.framework",
				"${TARGET_BUILD_DIR}/${FRAMEWORKS_FOLDER_PATH}/RxSwift.framework",
				"${TARGET_BUILD_DIR}/${FRAMEWORKS_FOLDER_PATH}/SwiftMessages.framework",
			);
			runOnlyForDeploymentPostprocessing = 0;
			shellPath = /bin/sh;
			shellScript = "\"${SRCROOT}/Pods/Target Support Files/Pods-testRX/Pods-testRX-frameworks.sh\"\n";
			showEnvVarsInLog = 0;
		};
		709453FDC57EB1C949B3163B /* [CP] Check Pods Manifest.lock */ = {
			isa = PBXShellScriptBuildPhase;
			buildActionMask = 2147483647;
			files = (
			);
			inputFileListPaths = (
			);
			inputPaths = (
				"${PODS_PODFILE_DIR_PATH}/Podfile.lock",
				"${PODS_ROOT}/Manifest.lock",
			);
			name = "[CP] Check Pods Manifest.lock";
			outputFileListPaths = (
			);
			outputPaths = (
				"$(DERIVED_FILE_DIR)/Pods-testRX-checkManifestLockResult.txt",
			);
			runOnlyForDeploymentPostprocessing = 0;
			shellPath = /bin/sh;
			shellScript = "diff \"${PODS_PODFILE_DIR_PATH}/Podfile.lock\" \"${PODS_ROOT}/Manifest.lock\" > /dev/null\nif [ $? != 0 ] ; then\n    # print error to STDERR\n    echo \"error: The sandbox is not in sync with the Podfile.lock. Run 'pod install' or update your CocoaPods installation.\" >&2\n    exit 1\nfi\n# This output is used by Xcode 'outputs' to avoid re-running this script phase.\necho \"SUCCESS\" > \"${SCRIPT_OUTPUT_FILE_0}\"\n";
			showEnvVarsInLog = 0;
		};
/* End PBXShellScriptBuildPhase section */

/* Begin PBXSourcesBuildPhase section */
		595E2C9D21B9398A00914E88 /* Sources */ = {
			isa = PBXSourcesBuildPhase;
			buildActionMask = 2147483647;
			files = (
				5990E4E021BAAB38003FDFEA /* TestView.swift in Sources */,
				5990E4E221BEA308003FDFEA /* MyVC.swift in Sources */,
				595E2CA521B9398A00914E88 /* AppDelegate.swift in Sources */,
			);
			runOnlyForDeploymentPostprocessing = 0;
		};
		595E2CB121B9398C00914E88 /* Sources */ = {
			isa = PBXSourcesBuildPhase;
			buildActionMask = 2147483647;
			files = (
				595E2CBA21B9398C00914E88 /* testRXTests.swift in Sources */,
			);
			runOnlyForDeploymentPostprocessing = 0;
		};
		595E2CBC21B9398C00914E88 /* Sources */ = {
			isa = PBXSourcesBuildPhase;
			buildActionMask = 2147483647;
			files = (
				595E2CC521B9398C00914E88 /* testRXUITests.swift in Sources */,
			);
			runOnlyForDeploymentPostprocessing = 0;
		};
/* End PBXSourcesBuildPhase section */

/* Begin PBXTargetDependency section */
		595E2CB721B9398C00914E88 /* PBXTargetDependency */ = {
			isa = PBXTargetDependency;
			target = 595E2CA021B9398A00914E88 /* testRX */;
			targetProxy = 595E2CB621B9398C00914E88 /* PBXContainerItemProxy */;
		};
		595E2CC221B9398C00914E88 /* PBXTargetDependency */ = {
			isa = PBXTargetDependency;
			target = 595E2CA021B9398A00914E88 /* testRX */;
			targetProxy = 595E2CC121B9398C00914E88 /* PBXContainerItemProxy */;
		};
/* End PBXTargetDependency section */

/* Begin PBXVariantGroup section */
		595E2CAD21B9398C00914E88 /* LaunchScreen.storyboard */ = {
			isa = PBXVariantGroup;
			children = (
				595E2CAE21B9398C00914E88 /* Base */,
			);
			name = LaunchScreen.storyboard;
			sourceTree = "<group>";
		};
/* End PBXVariantGroup section */

/* Begin XCBuildConfiguration section */
		595E2CC721B9398C00914E88 /* Debug */ = {
			isa = XCBuildConfiguration;
			buildSettings = {
				ALWAYS_SEARCH_USER_PATHS = NO;
				CLANG_ANALYZER_NONNULL = YES;
				CLANG_ANALYZER_NUMBER_OBJECT_CONVERSION = YES_AGGRESSIVE;
				CLANG_CXX_LANGUAGE_STANDARD = "gnu++14";
				CLANG_CXX_LIBRARY = "libc++";
				CLANG_ENABLE_MODULES = YES;
				CLANG_ENABLE_OBJC_ARC = YES;
				CLANG_ENABLE_OBJC_WEAK = YES;
				CLANG_WARN_BLOCK_CAPTURE_AUTORELEASING = YES;
				CLANG_WARN_BOOL_CONVERSION = YES;
				CLANG_WARN_COMMA = YES;
				CLANG_WARN_CONSTANT_CONVERSION = YES;
				CLANG_WARN_DEPRECATED_OBJC_IMPLEMENTATIONS = YES;
				CLANG_WARN_DIRECT_OBJC_ISA_USAGE = YES_ERROR;
				CLANG_WARN_DOCUMENTATION_COMMENTS = YES;
				CLANG_WARN_EMPTY_BODY = YES;
				CLANG_WARN_ENUM_CONVERSION = YES;
				CLANG_WARN_INFINITE_RECURSION = YES;
				CLANG_WARN_INT_CONVERSION = YES;
				CLANG_WARN_NON_LITERAL_NULL_CONVERSION = YES;
				CLANG_WARN_OBJC_IMPLICIT_RETAIN_SELF = YES;
				CLANG_WARN_OBJC_LITERAL_CONVERSION = YES;
				CLANG_WARN_OBJC_ROOT_CLASS = YES_ERROR;
				CLANG_WARN_RANGE_LOOP_ANALYSIS = YES;
				CLANG_WARN_STRICT_PROTOTYPES = YES;
				CLANG_WARN_SUSPICIOUS_MOVE = YES;
				CLANG_WARN_UNGUARDED_AVAILABILITY = YES_AGGRESSIVE;
				CLANG_WARN_UNREACHABLE_CODE = YES;
				CLANG_WARN__DUPLICATE_METHOD_MATCH = YES;
				CODE_SIGN_IDENTITY = "iPhone Developer";
				COPY_PHASE_STRIP = NO;
				DEBUG_INFORMATION_FORMAT = dwarf;
				ENABLE_STRICT_OBJC_MSGSEND = YES;
				ENABLE_TESTABILITY = YES;
				GCC_C_LANGUAGE_STANDARD = gnu11;
				GCC_DYNAMIC_NO_PIC = NO;
				GCC_NO_COMMON_BLOCKS = YES;
				GCC_OPTIMIZATION_LEVEL = 0;
				GCC_PREPROCESSOR_DEFINITIONS = (
					"DEBUG=1",
					"$(inherited)",
				);
				GCC_WARN_64_TO_32_BIT_CONVERSION = YES;
				GCC_WARN_ABOUT_RETURN_TYPE = YES_ERROR;
				GCC_WARN_UNDECLARED_SELECTOR = YES;
				GCC_WARN_UNINITIALIZED_AUTOS = YES_AGGRESSIVE;
				GCC_WARN_UNUSED_FUNCTION = YES;
				GCC_WARN_UNUSED_VARIABLE = YES;
				IPHONEOS_DEPLOYMENT_TARGET = 12.1;
				MTL_ENABLE_DEBUG_INFO = INCLUDE_SOURCE;
				MTL_FAST_MATH = YES;
				ONLY_ACTIVE_ARCH = YES;
				SDKROOT = iphoneos;
				SWIFT_ACTIVE_COMPILATION_CONDITIONS = DEBUG;
				SWIFT_OPTIMIZATION_LEVEL = "-Onone";
			};
			name = Debug;
		};
		595E2CC821B9398C00914E88 /* Release */ = {
			isa = XCBuildConfiguration;
			buildSettings = {
				ALWAYS_SEARCH_USER_PATHS = NO;
				CLANG_ANALYZER_NONNULL = YES;
				CLANG_ANALYZER_NUMBER_OBJECT_CONVERSION = YES_AGGRESSIVE;
				CLANG_CXX_LANGUAGE_STANDARD = "gnu++14";
				CLANG_CXX_LIBRARY = "libc++";
				CLANG_ENABLE_MODULES = YES;
				CLANG_ENABLE_OBJC_ARC = YES;
				CLANG_ENABLE_OBJC_WEAK = YES;
				CLANG_WARN_BLOCK_CAPTURE_AUTORELEASING = YES;
				CLANG_WARN_BOOL_CONVERSION = YES;
				CLANG_WARN_COMMA = YES;
				CLANG_WARN_CONSTANT_CONVERSION = YES;
				CLANG_WARN_DEPRECATED_OBJC_IMPLEMENTATIONS = YES;
				CLANG_WARN_DIRECT_OBJC_ISA_USAGE = YES_ERROR;
				CLANG_WARN_DOCUMENTATION_COMMENTS = YES;
				CLANG_WARN_EMPTY_BODY = YES;
				CLANG_WARN_ENUM_CONVERSION = YES;
				CLANG_WARN_INFINITE_RECURSION = YES;
				CLANG_WARN_INT_CONVERSION = YES;
				CLANG_WARN_NON_LITERAL_NULL_CONVERSION = YES;
				CLANG_WARN_OBJC_IMPLICIT_RETAIN_SELF = YES;
				CLANG_WARN_OBJC_LITERAL_CONVERSION = YES;
				CLANG_WARN_OBJC_ROOT_CLASS = YES_ERROR;
				CLANG_WARN_RANGE_LOOP_ANALYSIS = YES;
				CLANG_WARN_STRICT_PROTOTYPES = YES;
				CLANG_WARN_SUSPICIOUS_MOVE = YES;
				CLANG_WARN_UNGUARDED_AVAILABILITY = YES_AGGRESSIVE;
				CLANG_WARN_UNREACHABLE_CODE = YES;
				CLANG_WARN__DUPLICATE_METHOD_MATCH = YES;
				CODE_SIGN_IDENTITY = "iPhone Developer";
				COPY_PHASE_STRIP = NO;
				DEBUG_INFORMATION_FORMAT = "dwarf-with-dsym";
				ENABLE_NS_ASSERTIONS = NO;
				ENABLE_STRICT_OBJC_MSGSEND = YES;
				GCC_C_LANGUAGE_STANDARD = gnu11;
				GCC_NO_COMMON_BLOCKS = YES;
				GCC_WARN_64_TO_32_BIT_CONVERSION = YES;
				GCC_WARN_ABOUT_RETURN_TYPE = YES_ERROR;
				GCC_WARN_UNDECLARED_SELECTOR = YES;
				GCC_WARN_UNINITIALIZED_AUTOS = YES_AGGRESSIVE;
				GCC_WARN_UNUSED_FUNCTION = YES;
				GCC_WARN_UNUSED_VARIABLE = YES;
				IPHONEOS_DEPLOYMENT_TARGET = 12.1;
				MTL_ENABLE_DEBUG_INFO = NO;
				MTL_FAST_MATH = YES;
				SDKROOT = iphoneos;
				SWIFT_COMPILATION_MODE = wholemodule;
				SWIFT_OPTIMIZATION_LEVEL = "-O";
				VALIDATE_PRODUCT = YES;
			};
			name = Release;
		};
		595E2CCA21B9398C00914E88 /* Debug */ = {
			isa = XCBuildConfiguration;
			baseConfigurationReference = A61AA7F6EC4AE569590633A1 /* Pods-testRX.debug.xcconfig */;
			buildSettings = {
				ASSETCATALOG_COMPILER_APPICON_NAME = AppIcon;
				CODE_SIGN_STYLE = Automatic;
				DEVELOPMENT_TEAM = TASLBX7W95;
				INFOPLIST_FILE = testRX/Info.plist;
				LD_RUNPATH_SEARCH_PATHS = (
					"$(inherited)",
					"@executable_path/Frameworks",
				);
				PRODUCT_BUNDLE_IDENTIFIER = "-1.testRX";
				PRODUCT_NAME = "$(TARGET_NAME)";
				SWIFT_VERSION = 4.2;
				TARGETED_DEVICE_FAMILY = "1,2";
			};
			name = Debug;
		};
		595E2CCB21B9398C00914E88 /* Release */ = {
			isa = XCBuildConfiguration;
			baseConfigurationReference = 861A2093D221AEFAD2FC84FD /* Pods-testRX.release.xcconfig */;
			buildSettings = {
				ASSETCATALOG_COMPILER_APPICON_NAME = AppIcon;
				CODE_SIGN_STYLE = Automatic;
				DEVELOPMENT_TEAM = TASLBX7W95;
				INFOPLIST_FILE = testRX/Info.plist;
				LD_RUNPATH_SEARCH_PATHS = (
					"$(inherited)",
					"@executable_path/Frameworks",
				);
				PRODUCT_BUNDLE_IDENTIFIER = "-1.testRX";
				PRODUCT_NAME = "$(TARGET_NAME)";
				SWIFT_VERSION = 4.2;
				TARGETED_DEVICE_FAMILY = "1,2";
			};
			name = Release;
		};
		595E2CCD21B9398C00914E88 /* Debug */ = {
			isa = XCBuildConfiguration;
			buildSettings = {
				ALWAYS_EMBED_SWIFT_STANDARD_LIBRARIES = YES;
				BUNDLE_LOADER = "$(TEST_HOST)";
				CODE_SIGN_STYLE = Automatic;
				INFOPLIST_FILE = testRXTests/Info.plist;
				LD_RUNPATH_SEARCH_PATHS = (
					"$(inherited)",
					"@executable_path/Frameworks",
					"@loader_path/Frameworks",
				);
				PRODUCT_BUNDLE_IDENTIFIER = "-1.testRXTests";
				PRODUCT_NAME = "$(TARGET_NAME)";
				SWIFT_VERSION = 4.2;
				TARGETED_DEVICE_FAMILY = "1,2";
				TEST_HOST = "$(BUILT_PRODUCTS_DIR)/testRX.app/testRX";
			};
			name = Debug;
		};
		595E2CCE21B9398C00914E88 /* Release */ = {
			isa = XCBuildConfiguration;
			buildSettings = {
				ALWAYS_EMBED_SWIFT_STANDARD_LIBRARIES = YES;
				BUNDLE_LOADER = "$(TEST_HOST)";
				CODE_SIGN_STYLE = Automatic;
				INFOPLIST_FILE = testRXTests/Info.plist;
				LD_RUNPATH_SEARCH_PATHS = (
					"$(inherited)",
					"@executable_path/Frameworks",
					"@loader_path/Frameworks",
				);
				PRODUCT_BUNDLE_IDENTIFIER = "-1.testRXTests";
				PRODUCT_NAME = "$(TARGET_NAME)";
				SWIFT_VERSION = 4.2;
				TARGETED_DEVICE_FAMILY = "1,2";
				TEST_HOST = "$(BUILT_PRODUCTS_DIR)/testRX.app/testRX";
			};
			name = Release;
		};
		595E2CD021B9398C00914E88 /* Debug */ = {
			isa = XCBuildConfiguration;
			buildSettings = {
				ALWAYS_EMBED_SWIFT_STANDARD_LIBRARIES = YES;
				CODE_SIGN_STYLE = Automatic;
				INFOPLIST_FILE = testRXUITests/Info.plist;
				LD_RUNPATH_SEARCH_PATHS = (
					"$(inherited)",
					"@executable_path/Frameworks",
					"@loader_path/Frameworks",
				);
				PRODUCT_BUNDLE_IDENTIFIER = "-1.testRXUITests";
				PRODUCT_NAME = "$(TARGET_NAME)";
				SWIFT_VERSION = 4.2;
				TARGETED_DEVICE_FAMILY = "1,2";
				TEST_TARGET_NAME = testRX;
			};
			name = Debug;
		};
		595E2CD121B9398C00914E88 /* Release */ = {
			isa = XCBuildConfiguration;
			buildSettings = {
				ALWAYS_EMBED_SWIFT_STANDARD_LIBRARIES = YES;
				CODE_SIGN_STYLE = Automatic;
				INFOPLIST_FILE = testRXUITests/Info.plist;
				LD_RUNPATH_SEARCH_PATHS = (
					"$(inherited)",
					"@executable_path/Frameworks",
					"@loader_path/Frameworks",
				);
				PRODUCT_BUNDLE_IDENTIFIER = "-1.testRXUITests";
				PRODUCT_NAME = "$(TARGET_NAME)";
				SWIFT_VERSION = 4.2;
				TARGETED_DEVICE_FAMILY = "1,2";
				TEST_TARGET_NAME = testRX;
			};
			name = Release;
		};
/* End XCBuildConfiguration section */

/* Begin XCConfigurationList section */
		595E2C9C21B9398A00914E88 /* Build configuration list for PBXProject "testRX" */ = {
			isa = XCConfigurationList;
			buildConfigurations = (
				595E2CC721B9398C00914E88 /* Debug */,
				595E2CC821B9398C00914E88 /* Release */,
			);
			defaultConfigurationIsVisible = 0;
			defaultConfigurationName = Release;
		};
		595E2CC921B9398C00914E88 /* Build configuration list for PBXNativeTarget "testRX" */ = {
			isa = XCConfigurationList;
			buildConfigurations = (
				595E2CCA21B9398C00914E88 /* Debug */,
				595E2CCB21B9398C00914E88 /* Release */,
			);
			defaultConfigurationIsVisible = 0;
			defaultConfigurationName = Release;
		};
		595E2CCC21B9398C00914E88 /* Build configuration list for PBXNativeTarget "testRXTests" */ = {
			isa = XCConfigurationList;
			buildConfigurations = (
				595E2CCD21B9398C00914E88 /* Debug */,
				595E2CCE21B9398C00914E88 /* Release */,
			);
			defaultConfigurationIsVisible = 0;
			defaultConfigurationName = Release;
		};
		595E2CCF21B9398C00914E88 /* Build configuration list for PBXNativeTarget "testRXUITests" */ = {
			isa = XCConfigurationList;
			buildConfigurations = (
				595E2CD021B9398C00914E88 /* Debug */,
				595E2CD121B9398C00914E88 /* Release */,
			);
			defaultConfigurationIsVisible = 0;
			defaultConfigurationName = Release;
		};
/* End XCConfigurationList section */
	};
	rootObject = 595E2C9921B9398A00914E88 /* Project object */;
}
